{
  "name": "ls-7",
  "version": "1.0.0",
  "lockfileVersion": 2,
  "requires": true,
  "packages": {
    "": {
      "name": "ls-7",
      "version": "1.0.0",
      "license": "ISC",
      "dependencies": {
        "@types/node": "^15.12.0"
      }
    },
    "node_modules/@types/node": {
      "version": "15.12.0",
      "resolved": "https://registry.npmjs.org/@types/node/-/node-15.12.0.tgz",
      "integrity": "sha512-+aHJvoCsVhO2ZCuT4o5JtcPrCPyDE3+1nvbDprYes+pPkEsbjH7AGUCNtjMOXS0fqH14t+B7yLzaqSz92FPWyw=="
    }
  },
  "dependencies": {
    "@types/node": {
      "version": "15.12.0",
      "resolved": "https://registry.npmjs.org/@types/node/-/node-15.12.0.tgz",
      "integrity": "sha512-+aHJvoCsVhO2ZCuT4o5JtcPrCPyDE3+1nvbDprYes+pPkEsbjH7AGUCNtjMOXS0fqH14t+B7yLzaqSz92FPWyw=="
    }
  }
}
